
Microsoft Visual Studio Solution File, Format Version 12.00
# Visual Studio Version 16
VisualStudioVersion = 16.0.29609.76
MinimumVisualStudioVersion = 10.0.40219.1
Project("{FAE04EC0-301F-11D3-BF4B-00C04F79EFBC}") = "ConsoleFramework_GitHub", "ConsoleFramework_GitHub\ConsoleFramework_GitHub.csproj", "{AC44CF7F-21A2-4B89-AE17-135ABCFFBFEE}"
EndProject
Global
	GlobalSection(SolutionConfigurationPlatforms) = preSolution
		Debug|Any CPU = Debug|Any CPU
		Release|Any CPU = Release|Any CPU
	EndGlobalSection
	GlobalSection(ProjectConfigurationPlatforms) = postSolution
		{AC44CF7F-21A2-4B89-AE17-135ABCFFBFEE}.Debug|Any CPU.ActiveCfg = Debug|Any CPU
		{AC44CF7F-21A2-4B89-AE17-135ABCFFBFEE}.Debug|Any CPU.Build.0 = Debug|Any CPU
		{AC44CF7F-21A2-4B89-AE17-135ABCFFBFEE}.Release|Any CPU.ActiveCfg = Release|Any CPU
		{AC44CF7F-21A2-4B89-AE17-135ABCFFBFEE}.Release|Any CPU.Build.0 = Release|Any CPU
	EndGlobalSection
	GlobalSection(SolutionProperties) = preSolution
		HideSolutionNode = FALSE
	EndGlobalSection
	GlobalSection(ExtensibilityGlobals) = postSolution
		SolutionGuid = {316698F2-E136-462A-8F2C-661113C5365F}
	EndGlobalSection
EndGlobal
